
Microsoft Visual Studio Solution File, Format Version 12.00
# Visual Studio Version 16
VisualStudioVersion = 16.0.31702.278
MinimumVisualStudioVersion = 10.0.40219.1
Project("{FAE04EC0-301F-11D3-BF4B-00C04F79EFBC}") = "CMPG223_Salon_Projek", "CMPG223_Salon_Projek\CMPG223_Salon_Projek.csproj", "{68DAFC31-B125-47EA-A166-AD5F85ED0EE0}"
EndProject
Global
	GlobalSection(SolutionConfigurationPlatforms) = preSolution
		Debug|Any CPU = Debug|Any CPU
		Release|Any CPU = Release|Any CPU
	EndGlobalSection
	GlobalSection(ProjectConfigurationPlatforms) = postSolution
		{68DAFC31-B125-47EA-A166-AD5F85ED0EE0}.Debug|Any CPU.ActiveCfg = Debug|Any CPU
		{68DAFC31-B125-47EA-A166-AD5F85ED0EE0}.Debug|Any CPU.Build.0 = Debug|Any CPU
		{68DAFC31-B125-47EA-A166-AD5F85ED0EE0}.Release|Any CPU.ActiveCfg = Release|Any CPU
		{68DAFC31-B125-47EA-A166-AD5F85ED0EE0}.Release|Any CPU.Build.0 = Release|Any CPU
	EndGlobalSection
	GlobalSection(SolutionProperties) = preSolution
		HideSolutionNode = FALSE
	EndGlobalSection
	GlobalSection(ExtensibilityGlobals) = postSolution
		SolutionGuid = {E3207A5E-7306-478B-9495-11F0AD993B13}
	EndGlobalSection
EndGlobal
